{
  "originHash" : "f96f9e32dcbb7040dd5a0e0ef233e20221ded38b1201d7b267e7c09d55329068",
  "pins" : [
    {
      "identity" : "linkedlist",
      "kind" : "remoteSourceControl",
      "location" : "https://github.com/twistybits2300/LinkedList.git",
      "state" : {
        "branch" : "main",
        "revision" : "387ed97b7c2987bfbdc1ff1a41cd3902da170b39"
      }
    }
  ],
  "version" : 3
}
